
Microsoft Visual Studio Solution File, Format Version 12.00
# Visual Studio Version 16
VisualStudioVersion = 16.0.30907.101
MinimumVisualStudioVersion = 10.0.40219.1
Project("{FAE04EC0-301F-11D3-BF4B-00C04F79EFBC}") = "EscuelaSystem.Models", "EscuelaSystem.Models\EscuelaSystem.Models.csproj", "{37AC5CF9-92BF-4945-A9F3-12BE915789E5}"
EndProject
Project("{FAE04EC0-301F-11D3-BF4B-00C04F79EFBC}") = "EscuelaSystem.Web", "EscuelaSystem.Web\EscuelaSystem.Web.csproj", "{59A0E6C1-19AE-420D-B25F-EDAE731979C2}"
EndProject
Project("{9A19103F-16F7-4668-BE54-9A1E7A4F7556}") = "EscuelaSystem.Data", "EscuelaSystem.Data\EscuelaSystem.Data.csproj", "{A0F1A343-4707-48F7-A0C6-4F39F52C7D0F}"
EndProject
Global
	GlobalSection(SolutionConfigurationPlatforms) = preSolution
		Debug|Any CPU = Debug|Any CPU
		Release|Any CPU = Release|Any CPU
	EndGlobalSection
	GlobalSection(ProjectConfigurationPlatforms) = postSolution
		{37AC5CF9-92BF-4945-A9F3-12BE915789E5}.Debug|Any CPU.ActiveCfg = Debug|Any CPU
		{37AC5CF9-92BF-4945-A9F3-12BE915789E5}.Debug|Any CPU.Build.0 = Debug|Any CPU
		{37AC5CF9-92BF-4945-A9F3-12BE915789E5}.Release|Any CPU.ActiveCfg = Release|Any CPU
		{37AC5CF9-92BF-4945-A9F3-12BE915789E5}.Release|Any CPU.Build.0 = Release|Any CPU
		{59A0E6C1-19AE-420D-B25F-EDAE731979C2}.Debug|Any CPU.ActiveCfg = Debug|Any CPU
		{59A0E6C1-19AE-420D-B25F-EDAE731979C2}.Debug|Any CPU.Build.0 = Debug|Any CPU
		{59A0E6C1-19AE-420D-B25F-EDAE731979C2}.Release|Any CPU.ActiveCfg = Release|Any CPU
		{59A0E6C1-19AE-420D-B25F-EDAE731979C2}.Release|Any CPU.Build.0 = Release|Any CPU
		{A0F1A343-4707-48F7-A0C6-4F39F52C7D0F}.Debug|Any CPU.ActiveCfg = Debug|Any CPU
		{A0F1A343-4707-48F7-A0C6-4F39F52C7D0F}.Debug|Any CPU.Build.0 = Debug|Any CPU
		{A0F1A343-4707-48F7-A0C6-4F39F52C7D0F}.Release|Any CPU.ActiveCfg = Release|Any CPU
		{A0F1A343-4707-48F7-A0C6-4F39F52C7D0F}.Release|Any CPU.Build.0 = Release|Any CPU
	EndGlobalSection
	GlobalSection(SolutionProperties) = preSolution
		HideSolutionNode = FALSE
	EndGlobalSection
	GlobalSection(ExtensibilityGlobals) = postSolution
		SolutionGuid = {91F9A8C9-5140-4EEA-8245-BB486C593928}
	EndGlobalSection
EndGlobal
